// !$*UTF8*$!
{
	archiveVersion = 1;
	classes = {
	};
	objectVersion = 46;
	objects = {

/* Begin PBXBuildFile section */
		5D4AD1291B4AB5F30025B486 /* main.cpp in Sources */ = {isa = PBXBuildFile; fileRef = 5D4AD1281B4AB5F30025B486 /* main.cpp */; };
		5D4AD1411B4AB6610025B486 /* libopencv_calib3d.2.4.11.dylib in Frameworks */ = {isa = PBXBuildFile; fileRef = 5D4AD12F1B4AB6610025B486 /* libopencv_calib3d.2.4.11.dylib */; };
		5D4AD1421B4AB6610025B486 /* libopencv_core.2.4.11.dylib in Frameworks */ = {isa = PBXBuildFile; fileRef = 5D4AD1301B4AB6610025B486 /* libopencv_core.2.4.11.dylib */; };
		5D4AD1431B4AB6610025B486 /* libopencv_features2d.2.4.11.dylib in Frameworks */ = {isa = PBXBuildFile; fileRef = 5D4AD1311B4AB6610025B486 /* libopencv_features2d.2.4.11.dylib */; };
		5D4AD1441B4AB6610025B486 /* libopencv_contrib.2.4.11.dylib in Frameworks */ = {isa = PBXBuildFile; fileRef = 5D4AD1321B4AB6610025B486 /* libopencv_contrib.2.4.11.dylib */; };
		5D4AD1451B4AB6610025B486 /* libopencv_flann.2.4.11.dylib in Frameworks */ = {isa = PBXBuildFile; fileRef = 5D4AD1331B4AB6610025B486 /* libopencv_flann.2.4.11.dylib */; };
		5D4AD1461B4AB6610025B486 /* libopencv_gpu.2.4.11.dylib in Frameworks */ = {isa = PBXBuildFile; fileRef = 5D4AD1341B4AB6610025B486 /* libopencv_gpu.2.4.11.dylib */; };
		5D4AD1471B4AB6610025B486 /* libopencv_highgui.2.4.11.dylib in Frameworks */ = {isa = PBXBuildFile; fileRef = 5D4AD1351B4AB6610025B486 /* libopencv_highgui.2.4.11.dylib */; };
		5D4AD1481B4AB6610025B486 /* libopencv_imgproc.2.4.11.dylib in Frameworks */ = {isa = PBXBuildFile; fileRef = 5D4AD1361B4AB6610025B486 /* libopencv_imgproc.2.4.11.dylib */; };
		5D4AD1491B4AB6610025B486 /* libopencv_legacy.2.4.11.dylib in Frameworks */ = {isa = PBXBuildFile; fileRef = 5D4AD1371B4AB6610025B486 /* libopencv_legacy.2.4.11.dylib */; };
		5D4AD14A1B4AB6610025B486 /* libopencv_ml.2.4.11.dylib in Frameworks */ = {isa = PBXBuildFile; fileRef = 5D4AD1381B4AB6610025B486 /* libopencv_ml.2.4.11.dylib */; };
		5D4AD14B1B4AB6610025B486 /* libopencv_nonfree.2.4.11.dylib in Frameworks */ = {isa = PBXBuildFile; fileRef = 5D4AD1391B4AB6610025B486 /* libopencv_nonfree.2.4.11.dylib */; };
		5D4AD14C1B4AB6610025B486 /* libopencv_objdetect.2.4.11.dylib in Frameworks */ = {isa = PBXBuildFile; fileRef = 5D4AD13A1B4AB6610025B486 /* libopencv_objdetect.2.4.11.dylib */; };
		5D4AD14D1B4AB6610025B486 /* libopencv_ocl.2.4.11.dylib in Frameworks */ = {isa = PBXBuildFile; fileRef = 5D4AD13B1B4AB6610025B486 /* libopencv_ocl.2.4.11.dylib */; };
		5D4AD14E1B4AB6610025B486 /* libopencv_photo.2.4.11.dylib in Frameworks */ = {isa = PBXBuildFile; fileRef = 5D4AD13C1B4AB6610025B486 /* libopencv_photo.2.4.11.dylib */; };
		5D4AD14F1B4AB6610025B486 /* libopencv_stitching.2.4.11.dylib in Frameworks */ = {isa = PBXBuildFile; fileRef = 5D4AD13D1B4AB6610025B486 /* libopencv_stitching.2.4.11.dylib */; };
		5D4AD1501B4AB6610025B486 /* libopencv_superres.2.4.11.dylib in Frameworks */ = {isa = PBXBuildFile; fileRef = 5D4AD13E1B4AB6610025B486 /* libopencv_superres.2.4.11.dylib */; };
		5D4AD1511B4AB6610025B486 /* libopencv_video.2.4.11.dylib in Frameworks */ = {isa = PBXBuildFile; fileRef = 5D4AD13F1B4AB6610025B486 /* libopencv_video.2.4.11.dylib */; };
		5D4AD1521B4AB6610025B486 /* libopencv_videostab.2.4.11.dylib in Frameworks */ = {isa = PBXBuildFile; fileRef = 5D4AD1401B4AB6610025B486 /* libopencv_videostab.2.4.11.dylib */; };
/* End PBXBuildFile section */

/* Begin PBXCopyFilesBuildPhase section */
		5D4AD1231B4AB5F30025B486 /* CopyFiles */ = {
			isa = PBXCopyFilesBuildPhase;
			buildActionMask = 2147483647;
			dstPath = /usr/share/man/man1/;
			dstSubfolderSpec = 0;
			files = (
			);
			runOnlyForDeploymentPostprocessing = 1;
		};
/* End PBXCopyFilesBuildPhase section */

/* Begin PBXFileReference section */
		5D4AD1251B4AB5F30025B486 /* DoorDetector */ = {isa = PBXFileReference; explicitFileType = "compiled.mach-o.executable"; includeInIndex = 0; path = DoorDetector; sourceTree = BUILT_PRODUCTS_DIR; };
		5D4AD1281B4AB5F30025B486 /* main.cpp */ = {isa = PBXFileReference; lastKnownFileType = sourcecode.cpp.cpp; path = main.cpp; sourceTree = "<group>"; };
		5D4AD12F1B4AB6610025B486 /* libopencv_calib3d.2.4.11.dylib */ = {isa = PBXFileReference; lastKnownFileType = "compiled.mach-o.dylib"; name = libopencv_calib3d.2.4.11.dylib; path = ../../../../usr/local/Cellar/opencv/2.4.11_1/lib/libopencv_calib3d.2.4.11.dylib; sourceTree = "<group>"; };
		5D4AD1301B4AB6610025B486 /* libopencv_core.2.4.11.dylib */ = {isa = PBXFileReference; lastKnownFileType = "compiled.mach-o.dylib"; name = libopencv_core.2.4.11.dylib; path = ../../../../usr/local/Cellar/opencv/2.4.11_1/lib/libopencv_core.2.4.11.dylib; sourceTree = "<group>"; };
		5D4AD1311B4AB6610025B486 /* libopencv_features2d.2.4.11.dylib */ = {isa = PBXFileReference; lastKnownFileType = "compiled.mach-o.dylib"; name = libopencv_features2d.2.4.11.dylib; path = ../../../../usr/local/Cellar/opencv/2.4.11_1/lib/libopencv_features2d.2.4.11.dylib; sourceTree = "<group>"; };
		5D4AD1321B4AB6610025B486 /* libopencv_contrib.2.4.11.dylib */ = {isa = PBXFileReference; lastKnownFileType = "compiled.mach-o.dylib"; name = libopencv_contrib.2.4.11.dylib; path = ../../../../usr/local/Cellar/opencv/2.4.11_1/lib/libopencv_contrib.2.4.11.dylib; sourceTree = "<group>"; };
		5D4AD1331B4AB6610025B486 /* libopencv_flann.2.4.11.dylib */ = {isa = PBXFileReference; lastKnownFileType = "compiled.mach-o.dylib"; name = libopencv_flann.2.4.11.dylib; path = ../../../../usr/local/Cellar/opencv/2.4.11_1/lib/libopencv_flann.2.4.11.dylib; sourceTree = "<group>"; };
		5D4AD1341B4AB6610025B486 /* libopencv_gpu.2.4.11.dylib */ = {isa = PBXFileReference; lastKnownFileType = "compiled.mach-o.dylib"; name = libopencv_gpu.2.4.11.dylib; path = ../../../../usr/local/Cellar/opencv/2.4.11_1/lib/libopencv_gpu.2.4.11.dylib; sourceTree = "<group>"; };
		5D4AD1351B4AB6610025B486 /* libopencv_highgui.2.4.11.dylib */ = {isa = PBXFileReference; lastKnownFileType = "compiled.mach-o.dylib"; name = libopencv_highgui.2.4.11.dylib; path = ../../../../usr/local/Cellar/opencv/2.4.11_1/lib/libopencv_highgui.2.4.11.dylib; sourceTree = "<group>"; };
		5D4AD1361B4AB6610025B486 /* libopencv_imgproc.2.4.11.dylib */ = {isa = PBXFileReference; lastKnownFileType = "compiled.mach-o.dylib"; name = libopencv_imgproc.2.4.11.dylib; path = ../../../../usr/local/Cellar/opencv/2.4.11_1/lib/libopencv_imgproc.2.4.11.dylib; sourceTree = "<group>"; };
		5D4AD1371B4AB6610025B486 /* libopencv_legacy.2.4.11.dylib */ = {isa = PBXFileReference; lastKnownFileType = "compiled.mach-o.dylib"; name = libopencv_legacy.2.4.11.dylib; path = ../../../../usr/local/Cellar/opencv/2.4.11_1/lib/libopencv_legacy.2.4.11.dylib; sourceTree = "<group>"; };
		5D4AD1381B4AB6610025B486 /* libopencv_ml.2.4.11.dylib */ = {isa = PBXFileReference; lastKnownFileType = "compiled.mach-o.dylib"; name = libopencv_ml.2.4.11.dylib; path = ../../../../usr/local/Cellar/opencv/2.4.11_1/lib/libopencv_ml.2.4.11.dylib; sourceTree = "<group>"; };
		5D4AD1391B4AB6610025B486 /* libopencv_nonfree.2.4.11.dylib */ = {isa = PBXFileReference; lastKnownFileType = "compiled.mach-o.dylib"; name = libopencv_nonfree.2.4.11.dylib; path = ../../../../usr/local/Cellar/opencv/2.4.11_1/lib/libopencv_nonfree.2.4.11.dylib; sourceTree = "<group>"; };
		5D4AD13A1B4AB6610025B486 /* libopencv_objdetect.2.4.11.dylib */ = {isa = PBXFileReference; lastKnownFileType = "compiled.mach-o.dylib"; name = libopencv_objdetect.2.4.11.dylib; path = ../../../../usr/local/Cellar/opencv/2.4.11_1/lib/libopencv_objdetect.2.4.11.dylib; sourceTree = "<group>"; };
		5D4AD13B1B4AB6610025B486 /* libopencv_ocl.2.4.11.dylib */ = {isa = PBXFileReference; lastKnownFileType = "compiled.mach-o.dylib"; name = libopencv_ocl.2.4.11.dylib; path = ../../../../usr/local/Cellar/opencv/2.4.11_1/lib/libopencv_ocl.2.4.11.dylib; sourceTree = "<group>"; };
		5D4AD13C1B4AB6610025B486 /* libopencv_photo.2.4.11.dylib */ = {isa = PBXFileReference; lastKnownFileType = "compiled.mach-o.dylib"; name = libopencv_photo.2.4.11.dylib; path = ../../../../usr/local/Cellar/opencv/2.4.11_1/lib/libopencv_photo.2.4.11.dylib; sourceTree = "<group>"; };
		5D4AD13D1B4AB6610025B486 /* libopencv_stitching.2.4.11.dylib */ = {isa = PBXFileReference; lastKnownFileType = "compiled.mach-o.dylib"; name = libopencv_stitching.2.4.11.dylib; path = ../../../../usr/local/Cellar/opencv/2.4.11_1/lib/libopencv_stitching.2.4.11.dylib; sourceTree = "<group>"; };
		5D4AD13E1B4AB6610025B486 /* libopencv_superres.2.4.11.dylib */ = {isa = PBXFileReference; lastKnownFileType = "compiled.mach-o.dylib"; name = libopencv_superres.2.4.11.dylib; path = ../../../../usr/local/Cellar/opencv/2.4.11_1/lib/libopencv_superres.2.4.11.dylib; sourceTree = "<group>"; };
		5D4AD13F1B4AB6610025B486 /* libopencv_video.2.4.11.dylib */ = {isa = PBXFileReference; lastKnownFileType = "compiled.mach-o.dylib"; name = libopencv_video.2.4.11.dylib; path = ../../../../usr/local/Cellar/opencv/2.4.11_1/lib/libopencv_video.2.4.11.dylib; sourceTree = "<group>"; };
		5D4AD1401B4AB6610025B486 /* libopencv_videostab.2.4.11.dylib */ = {isa = PBXFileReference; lastKnownFileType = "compiled.mach-o.dylib"; name = libopencv_videostab.2.4.11.dylib; path = ../../../../usr/local/Cellar/opencv/2.4.11_1/lib/libopencv_videostab.2.4.11.dylib; sourceTree = "<group>"; };
/* End PBXFileReference section */

/* Begin PBXFrameworksBuildPhase section */
		5D4AD1221B4AB5F30025B486 /* Frameworks */ = {
			isa = PBXFrameworksBuildPhase;
			buildActionMask = 2147483647;
			files = (
				5D4AD1451B4AB6610025B486 /* libopencv_flann.2.4.11.dylib in Frameworks */,
				5D4AD14F1B4AB6610025B486 /* libopencv_stitching.2.4.11.dylib in Frameworks */,
				5D4AD1461B4AB6610025B486 /* libopencv_gpu.2.4.11.dylib in Frameworks */,
				5D4AD1511B4AB6610025B486 /* libopencv_video.2.4.11.dylib in Frameworks */,
				5D4AD1441B4AB6610025B486 /* libopencv_contrib.2.4.11.dylib in Frameworks */,
				5D4AD1471B4AB6610025B486 /* libopencv_highgui.2.4.11.dylib in Frameworks */,
				5D4AD1481B4AB6610025B486 /* libopencv_imgproc.2.4.11.dylib in Frameworks */,
				5D4AD14D1B4AB6610025B486 /* libopencv_ocl.2.4.11.dylib in Frameworks */,
				5D4AD1411B4AB6610025B486 /* libopencv_calib3d.2.4.11.dylib in Frameworks */,
				5D4AD14E1B4AB6610025B486 /* libopencv_photo.2.4.11.dylib in Frameworks */,
				5D4AD1431B4AB6610025B486 /* libopencv_features2d.2.4.11.dylib in Frameworks */,
				5D4AD1421B4AB6610025B486 /* libopencv_core.2.4.11.dylib in Frameworks */,
				5D4AD1491B4AB6610025B486 /* libopencv_legacy.2.4.11.dylib in Frameworks */,
				5D4AD14A1B4AB6610025B486 /* libopencv_ml.2.4.11.dylib in Frameworks */,
				5D4AD1501B4AB6610025B486 /* libopencv_superres.2.4.11.dylib in Frameworks */,
				5D4AD14C1B4AB6610025B486 /* libopencv_objdetect.2.4.11.dylib in Frameworks */,
				5D4AD1521B4AB6610025B486 /* libopencv_videostab.2.4.11.dylib in Frameworks */,
				5D4AD14B1B4AB6610025B486 /* libopencv_nonfree.2.4.11.dylib in Frameworks */,
			);
			runOnlyForDeploymentPostprocessing = 0;
		};
/* End PBXFrameworksBuildPhase section */

/* Begin PBXGroup section */
		5D4AD11C1B4AB5F30025B486 = {
			isa = PBXGroup;
			children = (
				5D4AD12F1B4AB6610025B486 /* libopencv_calib3d.2.4.11.dylib */,
				5D4AD1301B4AB6610025B486 /* libopencv_core.2.4.11.dylib */,
				5D4AD1311B4AB6610025B486 /* libopencv_features2d.2.4.11.dylib */,
				5D4AD1321B4AB6610025B486 /* libopencv_contrib.2.4.11.dylib */,
				5D4AD1331B4AB6610025B486 /* libopencv_flann.2.4.11.dylib */,
				5D4AD1341B4AB6610025B486 /* libopencv_gpu.2.4.11.dylib */,
				5D4AD1351B4AB6610025B486 /* libopencv_highgui.2.4.11.dylib */,
				5D4AD1361B4AB6610025B486 /* libopencv_imgproc.2.4.11.dylib */,
				5D4AD1371B4AB6610025B486 /* libopencv_legacy.2.4.11.dylib */,
				5D4AD1381B4AB6610025B486 /* libopencv_ml.2.4.11.dylib */,
				5D4AD1391B4AB6610025B486 /* libopencv_nonfree.2.4.11.dylib */,
				5D4AD13A1B4AB6610025B486 /* libopencv_objdetect.2.4.11.dylib */,
				5D4AD13B1B4AB6610025B486 /* libopencv_ocl.2.4.11.dylib */,
				5D4AD13C1B4AB6610025B486 /* libopencv_photo.2.4.11.dylib */,
				5D4AD13D1B4AB6610025B486 /* libopencv_stitching.2.4.11.dylib */,
				5D4AD13E1B4AB6610025B486 /* libopencv_superres.2.4.11.dylib */,
				5D4AD13F1B4AB6610025B486 /* libopencv_video.2.4.11.dylib */,
				5D4AD1401B4AB6610025B486 /* libopencv_videostab.2.4.11.dylib */,
				5D4AD1271B4AB5F30025B486 /* DoorDetector */,
				5D4AD1261B4AB5F30025B486 /* Products */,
			);
			sourceTree = "<group>";
		};
		5D4AD1261B4AB5F30025B486 /* Products */ = {
			isa = PBXGroup;
			children = (
				5D4AD1251B4AB5F30025B486 /* DoorDetector */,
			);
			name = Products;
			sourceTree = "<group>";
		};
		5D4AD1271B4AB5F30025B486 /* DoorDetector */ = {
			isa = PBXGroup;
			children = (
				5D4AD1281B4AB5F30025B486 /* main.cpp */,
			);
			path = DoorDetector;
			sourceTree = "<group>";
		};
/* End PBXGroup section */

/* Begin PBXNativeTarget section */
		5D4AD1241B4AB5F30025B486 /* DoorDetector */ = {
			isa = PBXNativeTarget;
			buildConfigurationList = 5D4AD12C1B4AB5F30025B486 /* Build configuration list for PBXNativeTarget "DoorDetector" */;
			buildPhases = (
				5D4AD1211B4AB5F30025B486 /* Sources */,
				5D4AD1221B4AB5F30025B486 /* Frameworks */,
				5D4AD1231B4AB5F30025B486 /* CopyFiles */,
			);
			buildRules = (
			);
			dependencies = (
			);
			name = DoorDetector;
			productName = DoorDetector;
			productReference = 5D4AD1251B4AB5F30025B486 /* DoorDetector */;
			productType = "com.apple.product-type.tool";
		};
/* End PBXNativeTarget section */

/* Begin PBXProject section */
		5D4AD11D1B4AB5F30025B486 /* Project object */ = {
			isa = PBXProject;
			attributes = {
				LastUpgradeCheck = 0620;
				ORGANIZATIONNAME = Seth;
				TargetAttributes = {
					5D4AD1241B4AB5F30025B486 = {
						CreatedOnToolsVersion = 6.2;
					};
				};
			};
			buildConfigurationList = 5D4AD1201B4AB5F30025B486 /* Build configuration list for PBXProject "DoorDetector" */;
			compatibilityVersion = "Xcode 3.2";
			developmentRegion = English;
			hasScannedForEncodings = 0;
			knownRegions = (
				en,
			);
			mainGroup = 5D4AD11C1B4AB5F30025B486;
			productRefGroup = 5D4AD1261B4AB5F30025B486 /* Products */;
			projectDirPath = "";
			projectRoot = "";
			targets = (
				5D4AD1241B4AB5F30025B486 /* DoorDetector */,
			);
		};
/* End PBXProject section */

/* Begin PBXSourcesBuildPhase section */
		5D4AD1211B4AB5F30025B486 /* Sources */ = {
			isa = PBXSourcesBuildPhase;
			buildActionMask = 2147483647;
			files = (
				5D4AD1291B4AB5F30025B486 /* main.cpp in Sources */,
			);
			runOnlyForDeploymentPostprocessing = 0;
		};
/* End PBXSourcesBuildPhase section */

/* Begin XCBuildConfiguration section */
		5D4AD12A1B4AB5F30025B486 /* Debug */ = {
			isa = XCBuildConfiguration;
			buildSettings = {
				ALWAYS_SEARCH_USER_PATHS = NO;
				CLANG_CXX_LANGUAGE_STANDARD = "gnu++0x";
				CLANG_CXX_LIBRARY = "libc++";
				CLANG_ENABLE_MODULES = YES;
				CLANG_ENABLE_OBJC_ARC = YES;
				CLANG_WARN_BOOL_CONVERSION = YES;
				CLANG_WARN_CONSTANT_CONVERSION = YES;
				CLANG_WARN_DIRECT_OBJC_ISA_USAGE = YES_ERROR;
				CLANG_WARN_EMPTY_BODY = YES;
				CLANG_WARN_ENUM_CONVERSION = YES;
				CLANG_WARN_INT_CONVERSION = YES;
				CLANG_WARN_OBJC_ROOT_CLASS = YES_ERROR;
				CLANG_WARN_UNREACHABLE_CODE = YES;
				CLANG_WARN__DUPLICATE_METHOD_MATCH = YES;
				COPY_PHASE_STRIP = NO;
				ENABLE_STRICT_OBJC_MSGSEND = YES;
				GCC_C_LANGUAGE_STANDARD = gnu99;
				GCC_DYNAMIC_NO_PIC = NO;
				GCC_OPTIMIZATION_LEVEL = 0;
				GCC_PREPROCESSOR_DEFINITIONS = (
					"DEBUG=1",
					"$(inherited)",
				);
				GCC_SYMBOLS_PRIVATE_EXTERN = NO;
				GCC_WARN_64_TO_32_BIT_CONVERSION = YES;
				GCC_WARN_ABOUT_RETURN_TYPE = YES_ERROR;
				GCC_WARN_UNDECLARED_SELECTOR = YES;
				GCC_WARN_UNINITIALIZED_AUTOS = YES_AGGRESSIVE;
				GCC_WARN_UNUSED_FUNCTION = YES;
				GCC_WARN_UNUSED_VARIABLE = YES;
				MACOSX_DEPLOYMENT_TARGET = 10.9;
				MTL_ENABLE_DEBUG_INFO = YES;
				ONLY_ACTIVE_ARCH = YES;
				SDKROOT = macosx;
			};
			name = Debug;
		};
		5D4AD12B1B4AB5F30025B486 /* Release */ = {
			isa = XCBuildConfiguration;
			buildSettings = {
				ALWAYS_SEARCH_USER_PATHS = NO;
				CLANG_CXX_LANGUAGE_STANDARD = "gnu++0x";
				CLANG_CXX_LIBRARY = "libc++";
				CLANG_ENABLE_MODULES = YES;
				CLANG_ENABLE_OBJC_ARC = YES;
				CLANG_WARN_BOOL_CONVERSION = YES;
				CLANG_WARN_CONSTANT_CONVERSION = YES;
				CLANG_WARN_DIRECT_OBJC_ISA_USAGE = YES_ERROR;
				CLANG_WARN_EMPTY_BODY = YES;
				CLANG_WARN_ENUM_CONVERSION = YES;
				CLANG_WARN_INT_CONVERSION = YES;
				CLANG_WARN_OBJC_ROOT_CLASS = YES_ERROR;
				CLANG_WARN_UNREACHABLE_CODE = YES;
				CLANG_WARN__DUPLICATE_METHOD_MATCH = YES;
				COPY_PHASE_STRIP = NO;
				DEBUG_INFORMATION_FORMAT = "dwarf-with-dsym";
				ENABLE_NS_ASSERTIONS = NO;
				ENABLE_STRICT_OBJC_MSGSEND = YES;
				GCC_C_LANGUAGE_STANDARD = gnu99;
				GCC_WARN_64_TO_32_BIT_CONVERSION = YES;
				GCC_WARN_ABOUT_RETURN_TYPE = YES_ERROR;
				GCC_WARN_UNDECLARED_SELECTOR = YES;
				GCC_WARN_UNINITIALIZED_AUTOS = YES_AGGRESSIVE;
				GCC_WARN_UNUSED_FUNCTION = YES;
				GCC_WARN_UNUSED_VARIABLE = YES;
				MACOSX_DEPLOYMENT_TARGET = 10.9;
				MTL_ENABLE_DEBUG_INFO = NO;
				SDKROOT = macosx;
			};
			name = Release;
		};
		5D4AD12D1B4AB5F30025B486 /* Debug */ = {
			isa = XCBuildConfiguration;
			buildSettings = {
				HEADER_SEARCH_PATHS = (
					"$(inherited)",
					/Applications/Xcode.app/Contents/Developer/Toolchains/XcodeDefault.xctoolchain/usr/include,
					/usr/local/include,
				);
				LIBRARY_SEARCH_PATHS = /usr/local/Cellar/opencv/2.4.11_1/lib;
				PRODUCT_NAME = "$(TARGET_NAME)";
			};
			name = Debug;
		};
		5D4AD12E1B4AB5F30025B486 /* Release */ = {
			isa = XCBuildConfiguration;
			buildSettings = {
				HEADER_SEARCH_PATHS = (
					"$(inherited)",
					/Applications/Xcode.app/Contents/Developer/Toolchains/XcodeDefault.xctoolchain/usr/include,
					/usr/local/include,
				);
				LIBRARY_SEARCH_PATHS = /usr/local/Cellar/opencv/2.4.11_1/lib;
				PRODUCT_NAME = "$(TARGET_NAME)";
			};
			name = Release;
		};
/* End XCBuildConfiguration section */

/* Begin XCConfigurationList section */
		5D4AD1201B4AB5F30025B486 /* Build configuration list for PBXProject "DoorDetector" */ = {
			isa = XCConfigurationList;
			buildConfigurations = (
				5D4AD12A1B4AB5F30025B486 /* Debug */,
				5D4AD12B1B4AB5F30025B486 /* Release */,
			);
			defaultConfigurationIsVisible = 0;
			defaultConfigurationName = Release;
		};
		5D4AD12C1B4AB5F30025B486 /* Build configuration list for PBXNativeTarget "DoorDetector" */ = {
			isa = XCConfigurationList;
			buildConfigurations = (
				5D4AD12D1B4AB5F30025B486 /* Debug */,
				5D4AD12E1B4AB5F30025B486 /* Release */,
			);
			defaultConfigurationIsVisible = 0;
		};
/* End XCConfigurationList section */
	};
	rootObject = 5D4AD11D1B4AB5F30025B486 /* Project object */;
}
